{
  "version": 4,
  "terraform_version": "0.13.1",
  "serial": 10,
  "lineage": "aa3ec9fd-c996-e360-552b-c0e8be8749b3",
  "outputs": {},
  "resources": [
    {
      "mode": "managed",
      "type": "openstack_blockstorage_volume_v3",
      "name": "volume",
      "provider": "provider[\"registry.terraform.io/terraform-providers/openstack\"]",
      "instances": [
        {
          "index_key": 0,
          "schema_version": 0,
          "attributes": {
            "attachment": [
              {
                "device": "/dev/sdb",
                "id": "5ee82541-f5a3-489f-9c17-232b12a832d3",
                "instance_id": "5596bcad-32cd-4689-b12e-76579ac75d35"
              }
            ],
            "availability_zone": "nova",
            "consistency_group_id": null,
            "description": "Volume created by terraform",
            "enable_online_resize": null,
            "id": "5ee82541-f5a3-489f-9c17-232b12a832d3",
            "image_id": null,
            "metadata": {
              "attached_mode": "rw",
              "volume_wwn": "6005076802810D4CD000000000000453"
            },
            "multiattach": null,
            "name": "volume-addf-01",
            "region": "RegionOne",
            "scheduler_hints": [],
            "size": 3,
            "snapshot_id": "",
            "source_replica": null,
            "source_vol_id": "",
            "timeouts": null,
            "volume_type": "V7K2_Rack9andF base template"
          },
          "private": "eyJlMmJmYjczMC1lY2FhLTExZTYtOGY4OC0zNDM2M2JjN2M0YzAiOnsiY3JlYXRlIjo2MDAwMDAwMDAwMDAsImRlbGV0ZSI6NjAwMDAwMDAwMDAwfX0=",
          "dependencies": [
            "random_id.rand"
          ]
        }
      ]
    },
    {
      "mode": "managed",
      "type": "openstack_compute_instance_v2",
      "name": "sc-app-vm",
      "provider": "provider[\"registry.terraform.io/terraform-providers/openstack\"]",
      "instances": [
        {
          "index_key": 0,
          "schema_version": 0,
          "attributes": {
            "access_ip_v4": "9.196.156.101",
            "access_ip_v6": "",
            "admin_pass": null,
            "all_metadata": {
              "enforce_affinity_check": "false",
              "move_pin_vm": "false",
              "original_host": "828422A_2177C2W"
            },
            "all_tags": [],
            "availability_zone": "Default Group",
            "availability_zone_hints": null,
            "block_device": [],
            "config_drive": null,
            "flavor_id": "ca56c117-c43d-43c6-adc3-f7eab4b93c2e",
            "flavor_name": "small",
            "floating_ip": null,
            "force_delete": false,
            "id": "5596bcad-32cd-4689-b12e-76579ac75d35",
            "image_id": "f9cf6949-56f0-4214-97a6-a21aa7284615",
            "image_name": "AIX 7.2 TL2 SP1",
            "key_pair": "terraform-vm-key-pair-addf",
            "metadata": null,
            "name": "sc-app-aix-vm-addf-01",
            "network": [
              {
                "access_network": false,
                "fixed_ip_v4": "9.196.156.101",
                "fixed_ip_v6": "",
                "floating_ip": "",
                "mac": "fa:fd:f9:c7:89:20",
                "name": "VLAN_156",
                "port": "",
                "uuid": "33cd203d-3968-4ba8-ac1e-ccfce402150c"
              }
            ],
            "network_mode": null,
            "personality": [],
            "power_state": "active",
            "region": "RegionOne",
            "scheduler_hints": [],
            "security_groups": [],
            "stop_before_destroy": false,
            "tags": null,
            "timeouts": null,
            "user_data": null,
            "vendor_options": [],
            "volume": []
          },
          "private": "eyJlMmJmYjczMC1lY2FhLTExZTYtOGY4OC0zNDM2M2JjN2M0YzAiOnsiY3JlYXRlIjoxODAwMDAwMDAwMDAwLCJkZWxldGUiOjE4MDAwMDAwMDAwMDAsInVwZGF0ZSI6MTgwMDAwMDAwMDAwMH19",
          "dependencies": [
            "openstack_compute_keypair_v2.vm-key-pair",
            "random_id.rand"
          ]
        },
        {
          "index_key": 1,
          "schema_version": 0,
          "attributes": {
            "access_ip_v4": "9.196.156.124",
            "access_ip_v6": "",
            "admin_pass": null,
            "all_metadata": {
              "enforce_affinity_check": "false",
              "move_pin_vm": "false",
              "original_host": "828422A_2177C2W"
            },
            "all_tags": [],
            "availability_zone": "Default Group",
            "availability_zone_hints": null,
            "block_device": [],
            "config_drive": null,
            "flavor_id": "ca56c117-c43d-43c6-adc3-f7eab4b93c2e",
            "flavor_name": "small",
            "floating_ip": null,
            "force_delete": false,
            "id": "70461d02-933d-4c85-8e63-83e964797642",
            "image_id": "f9cf6949-56f0-4214-97a6-a21aa7284615",
            "image_name": "AIX 7.2 TL2 SP1",
            "key_pair": "terraform-vm-key-pair-addf",
            "metadata": null,
            "name": "sc-app-aix-vm-addf-02",
            "network": [
              {
                "access_network": false,
                "fixed_ip_v4": "9.196.156.124",
                "fixed_ip_v6": "",
                "floating_ip": "",
                "mac": "fa:75:93:c1:27:20",
                "name": "VLAN_156",
                "port": "",
                "uuid": "33cd203d-3968-4ba8-ac1e-ccfce402150c"
              }
            ],
            "network_mode": null,
            "personality": [],
            "power_state": "active",
            "region": "RegionOne",
            "scheduler_hints": [],
            "security_groups": [],
            "stop_before_destroy": false,
            "tags": null,
            "timeouts": null,
            "user_data": null,
            "vendor_options": [],
            "volume": []
          },
          "private": "eyJlMmJmYjczMC1lY2FhLTExZTYtOGY4OC0zNDM2M2JjN2M0YzAiOnsiY3JlYXRlIjoxODAwMDAwMDAwMDAwLCJkZWxldGUiOjE4MDAwMDAwMDAwMDAsInVwZGF0ZSI6MTgwMDAwMDAwMDAwMH19",
          "dependencies": [
            "openstack_compute_keypair_v2.vm-key-pair",
            "random_id.rand"
          ]
        }
      ]
    },
    {
      "mode": "managed",
      "type": "openstack_compute_instance_v2",
      "name": "sc-db-vm",
      "provider": "provider[\"registry.terraform.io/terraform-providers/openstack\"]",
      "instances": [
        {
          "index_key": 0,
          "schema_version": 0,
          "attributes": {
            "access_ip_v4": "9.196.156.109",
            "access_ip_v6": "",
            "admin_pass": null,
            "all_metadata": {
              "enforce_affinity_check": "false",
              "move_pin_vm": "false",
              "original_host": "828422A_2177C1W"
            },
            "all_tags": [],
            "availability_zone": "Default Group",
            "availability_zone_hints": null,
            "block_device": [],
            "config_drive": null,
            "flavor_id": "560bbfb5-5d2e-4840-82c1-5c20672b3a7e",
            "flavor_name": "medium",
            "floating_ip": null,
            "force_delete": false,
            "id": "dc01d2f5-766e-4e41-bcdd-9136961685c5",
            "image_id": "f9cf6949-56f0-4214-97a6-a21aa7284615",
            "image_name": "AIX 7.2 TL2 SP1",
            "key_pair": "terraform-vm-key-pair-addf",
            "metadata": null,
            "name": "sc-db-aix-vm-addf-01",
            "network": [
              {
                "access_network": false,
                "fixed_ip_v4": "9.196.156.109",
                "fixed_ip_v6": "",
                "floating_ip": "",
                "mac": "fa:94:ba:a3:b8:20",
                "name": "VLAN_156",
                "port": "",
                "uuid": "33cd203d-3968-4ba8-ac1e-ccfce402150c"
              }
            ],
            "network_mode": null,
            "personality": [],
            "power_state": "active",
            "region": "RegionOne",
            "scheduler_hints": [],
            "security_groups": [],
            "stop_before_destroy": false,
            "tags": null,
            "timeouts": null,
            "user_data": null,
            "vendor_options": [],
            "volume": []
          },
          "private": "eyJlMmJmYjczMC1lY2FhLTExZTYtOGY4OC0zNDM2M2JjN2M0YzAiOnsiY3JlYXRlIjoxODAwMDAwMDAwMDAwLCJkZWxldGUiOjE4MDAwMDAwMDAwMDAsInVwZGF0ZSI6MTgwMDAwMDAwMDAwMH19",
          "dependencies": [
            "openstack_compute_keypair_v2.vm-key-pair",
            "random_id.rand"
          ]
        }
      ]
    },
    {
      "mode": "managed",
      "type": "openstack_compute_keypair_v2",
      "name": "vm-key-pair",
      "provider": "provider[\"registry.terraform.io/terraform-providers/openstack\"]",
      "instances": [
        {
          "schema_version": 0,
          "attributes": {
            "fingerprint": "07:fa:1e:12:e4:11:72:e4:67:93:19:e7:6b:f6:d3:c1",
            "id": "terraform-vm-key-pair-addf",
            "name": "terraform-vm-key-pair-addf",
            "private_key": "",
            "public_key": "ssh-rsa AAAAB3NzaC1yc2EAAAADAQABAAABAQC5owLHGPdUd0dVJa1vxGrttWmnoAE0MODEs6mInyPJw3xtxNikUYfJGLfzz4rM1hTf+adUJXCXC3+SZXbnOsfmRSaGoavB/Stjp2ow8kkVRCcQ+d+W87mLA4/dghWCLf01XdnZTVqu0xlMe0oyEU63BuLIAulcaQnvgzmWCV/Lx0JfnZkRtvw3Y1js/Q5j2Mnj32+LyCEmqwJpyAR1LnqxArKGSmeE+HBpZUjFf8KD7gR8ftvg3OWVPIJPqyQP9J805vbSYLCRA6DRuCKI88z3JbHFOw6cegAxpDWmvsGIu8oIZqrmWp2MfyAHMGJCpJMAPaDU1RXqqMvx1BmkUS6t stucunliffe@Stus-MacBook-Pro-2.local\n",
            "region": "RegionOne",
            "value_specs": null
          },
          "private": "bnVsbA==",
          "dependencies": [
            "random_id.rand"
          ]
        }
      ]
    },
    {
      "mode": "managed",
      "type": "openstack_compute_volume_attach_v2",
      "name": "va_1",
      "provider": "provider[\"registry.terraform.io/terraform-providers/openstack\"]",
      "instances": [
        {
          "schema_version": 0,
          "attributes": {
            "device": "/dev/sdb",
            "id": "5596bcad-32cd-4689-b12e-76579ac75d35/5ee82541-f5a3-489f-9c17-232b12a832d3",
            "instance_id": "5596bcad-32cd-4689-b12e-76579ac75d35",
            "multiattach": null,
            "region": "RegionOne",
            "timeouts": null,
            "volume_id": "5ee82541-f5a3-489f-9c17-232b12a832d3"
          },
          "private": "eyJlMmJmYjczMC1lY2FhLTExZTYtOGY4OC0zNDM2M2JjN2M0YzAiOnsiY3JlYXRlIjo2MDAwMDAwMDAwMDAsImRlbGV0ZSI6NjAwMDAwMDAwMDAwfX0=",
          "dependencies": [
            "openstack_blockstorage_volume_v3.volume",
            "openstack_compute_instance_v2.sc-app-vm",
            "random_id.rand"
          ]
        }
      ]
    },
    {
      "mode": "managed",
      "type": "random_id",
      "name": "rand",
      "provider": "provider[\"registry.terraform.io/hashicorp/random\"]",
      "instances": [
        {
          "schema_version": 0,
          "attributes": {
            "b64_std": "rd8=",
            "b64_url": "rd8",
            "byte_length": 2,
            "dec": "44511",
            "hex": "addf",
            "id": "rd8",
            "keepers": null,
            "prefix": null
          },
          "private": "bnVsbA=="
        }
      ]
    }
  ]
}
